{
  "name": "bollywoodfiles",
  "version": "1.0.0",
  "lockfileVersion": 1,
  "requires": true,
  "dependencies": {
    "grunt-sass": {
      "version": "3.0.1",
      "resolved": "https://registry.npmjs.org/grunt-sass/-/grunt-sass-3.0.1.tgz",
      "integrity": "sha512-eKmtsPmtO+cjE1wT0EkvgavsQCzT2x+2J1tS4SuoBu3j0CDpI6o3cJUJ5CxrbjaWULpLlsu0GFiOa6nYetnaqQ=="
    }
  }
}
